# THIS IS AN AUTOGENERATED FILE. DO NOT EDIT THIS FILE DIRECTLY.
# yarn lockfile v1


clean-css@^4.0.8:
  version "4.1.3"
  resolved "https://registry.yarnpkg.com/clean-css/-/clean-css-4.1.3.tgz#07cfe8980edb20d455ddc23aadcf1e04c6e509ce"
  dependencies:
    source-map "0.5.x"

colors@^1.1.2:
  version "1.1.2"
  resolved "https://registry.yarnpkg.com/colors/-/colors-1.1.2.tgz#168a4701756b6a7f51a12ce0c97bfa28c084ed63"

source-map@0.5.x:
  version "0.5.6"
  resolved "https://registry.yarnpkg.com/source-map/-/source-map-0.5.6.tgz#75ce38f52bf0733c5a7f0c118d81334a2bb5f412"
